Microsoft Visual Studio Solution File, Format Version 11.00
# Visual Studio 2008

Project("{6B43A894-9C4C-A84F-1880-B63CC30CE045}") = "TomCrean", "Assembly-CSharp-firstpass.csproj", "{B9685E32-038B-FC5A-5879-15B43FA33246}"
EndProject
Project("{6B43A894-9C4C-A84F-1880-B63CC30CE045}") = "TomCrean", "Assembly-CSharp.csproj", "{56D647BA-0AE7-6CE7-91FD-D3EEF4D1577F}"
EndProject
Project("{6B43A894-9C4C-A84F-1880-B63CC30CE045}") = "TomCrean", "Assembly-CSharp-Editor.csproj", "{53F8055C-5983-8786-53F7-182D2F987C4E}"
EndProject
Project("{6B43A894-9C4C-A84F-1880-B63CC30CE045}") = "TomCrean", "Assembly-UnityScript-firstpass.unityproj", "{DC852179-6CC9-C7B3-1EBF-7EF3D931E4B8}"
EndProject
Global
	GlobalSection(SolutionConfigurationPlatforms) = preSolution
		Debug|Any CPU = Debug|Any CPU
		Release|Any CPU = Release|Any CPU
	EndGlobalSection
	GlobalSection(ProjectConfigurationPlatforms) = postSolution
		{B9685E32-038B-FC5A-5879-15B43FA33246}.Debug|Any CPU.ActiveCfg = Debug|Any CPU
		{B9685E32-038B-FC5A-5879-15B43FA33246}.Debug|Any CPU.Build.0 = Debug|Any CPU
		{B9685E32-038B-FC5A-5879-15B43FA33246}.Release|Any CPU.ActiveCfg = Release|Any CPU
		{B9685E32-038B-FC5A-5879-15B43FA33246}.Release|Any CPU.Build.0 = Release|Any CPU
		{56D647BA-0AE7-6CE7-91FD-D3EEF4D1577F}.Debug|Any CPU.ActiveCfg = Debug|Any CPU
		{56D647BA-0AE7-6CE7-91FD-D3EEF4D1577F}.Debug|Any CPU.Build.0 = Debug|Any CPU
		{56D647BA-0AE7-6CE7-91FD-D3EEF4D1577F}.Release|Any CPU.ActiveCfg = Release|Any CPU
		{56D647BA-0AE7-6CE7-91FD-D3EEF4D1577F}.Release|Any CPU.Build.0 = Release|Any CPU
		{53F8055C-5983-8786-53F7-182D2F987C4E}.Debug|Any CPU.ActiveCfg = Debug|Any CPU
		{53F8055C-5983-8786-53F7-182D2F987C4E}.Debug|Any CPU.Build.0 = Debug|Any CPU
		{53F8055C-5983-8786-53F7-182D2F987C4E}.Release|Any CPU.ActiveCfg = Release|Any CPU
		{53F8055C-5983-8786-53F7-182D2F987C4E}.Release|Any CPU.Build.0 = Release|Any CPU
		{DC852179-6CC9-C7B3-1EBF-7EF3D931E4B8}.Debug|Any CPU.ActiveCfg = Debug|Any CPU
		{DC852179-6CC9-C7B3-1EBF-7EF3D931E4B8}.Debug|Any CPU.Build.0 = Debug|Any CPU
		{DC852179-6CC9-C7B3-1EBF-7EF3D931E4B8}.Release|Any CPU.ActiveCfg = Release|Any CPU
		{DC852179-6CC9-C7B3-1EBF-7EF3D931E4B8}.Release|Any CPU.Build.0 = Release|Any CPU
	EndGlobalSection
	GlobalSection(SolutionProperties) = preSolution
		HideSolutionNode = FALSE
	EndGlobalSection
																																																																																																																																																																																																																																																																																																																																																																																																GlobalSection(MonoDevelopProperties) = preSolution
		StartupItem = Assembly-CSharp.csproj
		Policies = $0
		$0.TextStylePolicy = $1
		$1.inheritsSet = null
		$1.scope = text/x-csharp
		$0.CSharpFormattingPolicy = $2
		$2.inheritsSet = Mono
		$2.inheritsScope = text/x-csharp
		$2.scope = text/x-csharp
		$0.TextStylePolicy = $3
		$3.FileWidth = 120
		$3.TabWidth = 4
		$3.EolMarker = Unix
		$3.inheritsSet = Mono
		$3.inheritsScope = text/plain
		$3.scope = text/plain
	EndGlobalSection

EndGlobal
