
Microsoft Visual Studio Solution File, Format Version 12.00
# Visual Studio 2013
Project("{FAE04EC0-301F-11D3-BF4B-00C04F79EFBC}") = "UnityVS.TomCrean.CSharp.Plugins", "UnityVS.TomCrean.CSharp.Plugins.csproj", "{101DB958-6244-655A-25C7-801D8D12E5BE}"
EndProject
Project("{FAE04EC0-301F-11D3-BF4B-00C04F79EFBC}") = "UnityVS.TomCrean.CSharp", "UnityVS.TomCrean.CSharp.csproj", "{8AE29DFC-5E32-113E-21FB-B063F7BB3E3A}"
EndProject
Project("{FAE04EC0-301F-11D3-BF4B-00C04F79EFBC}") = "UnityVS.TomCrean.CSharp.Editor", "UnityVS.TomCrean.CSharp.Editor.csproj", "{C7B464DE-9DB5-7A62-18F3-002978E6B30A}"
EndProject
Global
	GlobalSection(SolutionConfigurationPlatforms) = preSolution
		Debug|Any CPU = Debug|Any CPU
		Release|Any CPU = Release|Any CPU
	EndGlobalSection
	GlobalSection(ProjectConfigurationPlatforms) = postSolution
		{101DB958-6244-655A-25C7-801D8D12E5BE}.Debug|Any CPU.ActiveCfg = Debug|Any CPU
		{101DB958-6244-655A-25C7-801D8D12E5BE}.Debug|Any CPU.Build.0 = Debug|Any CPU
		{101DB958-6244-655A-25C7-801D8D12E5BE}.Release|Any CPU.ActiveCfg = Release|Any CPU
		{101DB958-6244-655A-25C7-801D8D12E5BE}.Release|Any CPU.Build.0 = Release|Any CPU
		{8AE29DFC-5E32-113E-21FB-B063F7BB3E3A}.Debug|Any CPU.ActiveCfg = Debug|Any CPU
		{8AE29DFC-5E32-113E-21FB-B063F7BB3E3A}.Debug|Any CPU.Build.0 = Debug|Any CPU
		{8AE29DFC-5E32-113E-21FB-B063F7BB3E3A}.Release|Any CPU.ActiveCfg = Release|Any CPU
		{8AE29DFC-5E32-113E-21FB-B063F7BB3E3A}.Release|Any CPU.Build.0 = Release|Any CPU
		{C7B464DE-9DB5-7A62-18F3-002978E6B30A}.Debug|Any CPU.ActiveCfg = Debug|Any CPU
		{C7B464DE-9DB5-7A62-18F3-002978E6B30A}.Debug|Any CPU.Build.0 = Debug|Any CPU
		{C7B464DE-9DB5-7A62-18F3-002978E6B30A}.Release|Any CPU.ActiveCfg = Release|Any CPU
		{C7B464DE-9DB5-7A62-18F3-002978E6B30A}.Release|Any CPU.Build.0 = Release|Any CPU
	EndGlobalSection
	GlobalSection(SolutionProperties) = preSolution
		HideSolutionNode = FALSE
	EndGlobalSection
EndGlobal
